// !$*UTF8*$!
{
	archiveVersion = 1;
	classes = {
	};
	objectVersion = 50;
	objects = {

/* Begin PBXBuildFile section */
		0C1B885721AD1BB900325CCA /* BaseViewController.swift in Sources */ = {isa = PBXBuildFile; fileRef = 0C1B885621AD1BB900325CCA /* BaseViewController.swift */; };
		0C75E37621ACE58F001DA908 /* strings.swift in Sources */ = {isa = PBXBuildFile; fileRef = 0C75E37521ACE58F001DA908 /* strings.swift */; };
		0CD5C69821ACCB940095F0D4 /* MMMYAppDelegate.swift in Sources */ = {isa = PBXBuildFile; fileRef = 0CD5C69621ACCB930095F0D4 /* MMMYAppDelegate.swift */; };
		0CD5C69921ACCB940095F0D4 /* ViewController.swift in Sources */ = {isa = PBXBuildFile; fileRef = 0CD5C69721ACCB940095F0D4 /* ViewController.swift */; };
		0CD5C6A121ACCBA30095F0D4 /* Assets.xcassets in Resources */ = {isa = PBXBuildFile; fileRef = 0CD5C69A21ACCBA30095F0D4 /* Assets.xcassets */; };
		0CD5C6A321ACCBA30095F0D4 /* LaunchScreen.storyboard in Resources */ = {isa = PBXBuildFile; fileRef = 0CD5C69D21ACCBA30095F0D4 /* LaunchScreen.storyboard */; };
		0CD5C6A421ACCBA30095F0D4 /* FirstStartMain.storyboard in Resources */ = {isa = PBXBuildFile; fileRef = 0CD5C69F21ACCBA30095F0D4 /* FirstStartMain.storyboard */; };
		0CD5C6AD21ACD4810095F0D4 /* LaunchRegisterViewController.swift in Sources */ = {isa = PBXBuildFile; fileRef = 0CD5C6AC21ACD4810095F0D4 /* LaunchRegisterViewController.swift */; };
		0CD5C6B021ACD51B0095F0D4 /* Ground.storyboard in Resources */ = {isa = PBXBuildFile; fileRef = 0CD5C6AE21ACD51B0095F0D4 /* Ground.storyboard */; };
		0CD5C6B621ACDAD90095F0D4 /* MMMYTabbarViewController.swift in Sources */ = {isa = PBXBuildFile; fileRef = 0CD5C6B521ACDAD90095F0D4 /* MMMYTabbarViewController.swift */; };
		0CD5C6B821ACDBC70095F0D4 /* LoadStoryBoardUntils.swift in Sources */ = {isa = PBXBuildFile; fileRef = 0CD5C6B721ACDBC70095F0D4 /* LoadStoryBoardUntils.swift */; };
		53166C91A09E00DBCF3120DC /* Pods_mmmy.framework in Frameworks */ = {isa = PBXBuildFile; fileRef = FAABA1DB7CACB3987671D6F4 /* Pods_mmmy.framework */; };
/* End PBXBuildFile section */

/* Begin PBXFileReference section */
		0C1B885621AD1BB900325CCA /* BaseViewController.swift */ = {isa = PBXFileReference; lastKnownFileType = sourcecode.swift; path = BaseViewController.swift; sourceTree = "<group>"; };
		0C75E37521ACE58F001DA908 /* strings.swift */ = {isa = PBXFileReference; lastKnownFileType = sourcecode.swift; path = strings.swift; sourceTree = "<group>"; };
		0CD5C67A21ACCABF0095F0D4 /* mmmy.app */ = {isa = PBXFileReference; explicitFileType = wrapper.application; includeInIndex = 0; path = mmmy.app; sourceTree = BUILT_PRODUCTS_DIR; };
		0CD5C69621ACCB930095F0D4 /* MMMYAppDelegate.swift */ = {isa = PBXFileReference; fileEncoding = 4; lastKnownFileType = sourcecode.swift; path = MMMYAppDelegate.swift; sourceTree = "<group>"; };
		0CD5C69721ACCB940095F0D4 /* ViewController.swift */ = {isa = PBXFileReference; fileEncoding = 4; lastKnownFileType = sourcecode.swift; path = ViewController.swift; sourceTree = "<group>"; };
		0CD5C69A21ACCBA30095F0D4 /* Assets.xcassets */ = {isa = PBXFileReference; lastKnownFileType = folder.assetcatalog; path = Assets.xcassets; sourceTree = "<group>"; };
		0CD5C69B21ACCBA30095F0D4 /* mmmy-Info.plist */ = {isa = PBXFileReference; fileEncoding = 4; lastKnownFileType = text.plist.xml; path = "mmmy-Info.plist"; sourceTree = "<group>"; };
		0CD5C69E21ACCBA30095F0D4 /* Base */ = {isa = PBXFileReference; lastKnownFileType = file.storyboard; name = Base; path = LaunchScreen.storyboard; sourceTree = "<group>"; };
		0CD5C6A021ACCBA30095F0D4 /* Base */ = {isa = PBXFileReference; lastKnownFileType = file.storyboard; name = Base; path = FirstStartMain.storyboard; sourceTree = "<group>"; };
		0CD5C6A521ACCBC40095F0D4 /* mmmy-Bridging-Header.h */ = {isa = PBXFileReference; fileEncoding = 4; lastKnownFileType = sourcecode.c.h; path = "mmmy-Bridging-Header.h"; sourceTree = "<group>"; };
		0CD5C6AC21ACD4810095F0D4 /* LaunchRegisterViewController.swift */ = {isa = PBXFileReference; lastKnownFileType = sourcecode.swift; path = LaunchRegisterViewController.swift; sourceTree = "<group>"; };
		0CD5C6AF21ACD51B0095F0D4 /* Base */ = {isa = PBXFileReference; lastKnownFileType = file.storyboard; name = Base; path = Ground.storyboard; sourceTree = "<group>"; };
		0CD5C6B521ACDAD90095F0D4 /* MMMYTabbarViewController.swift */ = {isa = PBXFileReference; lastKnownFileType = sourcecode.swift; path = MMMYTabbarViewController.swift; sourceTree = "<group>"; };
		0CD5C6B721ACDBC70095F0D4 /* LoadStoryBoardUntils.swift */ = {isa = PBXFileReference; lastKnownFileType = sourcecode.swift; path = LoadStoryBoardUntils.swift; sourceTree = "<group>"; usesTabs = 0; };
		3BB93C1D922DAA1BF236F159 /* Pods-mmmy.debug.xcconfig */ = {isa = PBXFileReference; includeInIndex = 1; lastKnownFileType = text.xcconfig; name = "Pods-mmmy.debug.xcconfig"; path = "Target Support Files/Pods-mmmy/Pods-mmmy.debug.xcconfig"; sourceTree = "<group>"; };
		AC6C9F3E47A00293EB8D8346 /* Pods-mmmy.release.xcconfig */ = {isa = PBXFileReference; includeInIndex = 1; lastKnownFileType = text.xcconfig; name = "Pods-mmmy.release.xcconfig"; path = "Target Support Files/Pods-mmmy/Pods-mmmy.release.xcconfig"; sourceTree = "<group>"; };
		FAABA1DB7CACB3987671D6F4 /* Pods_mmmy.framework */ = {isa = PBXFileReference; explicitFileType = wrapper.framework; includeInIndex = 0; path = Pods_mmmy.framework; sourceTree = BUILT_PRODUCTS_DIR; };
/* End PBXFileReference section */

/* Begin PBXFrameworksBuildPhase section */
		0CD5C67721ACCABF0095F0D4 /* Frameworks */ = {
			isa = PBXFrameworksBuildPhase;
			buildActionMask = 2147483647;
			files = (
				53166C91A09E00DBCF3120DC /* Pods_mmmy.framework in Frameworks */,
			);
			runOnlyForDeploymentPostprocessing = 0;
		};
/* End PBXFrameworksBuildPhase section */

/* Begin PBXGroup section */
		0C1B885521AD1BA400325CCA /* base */ = {
			isa = PBXGroup;
			children = (
				0C1B885621AD1BB900325CCA /* BaseViewController.swift */,
			);
			path = base;
			sourceTree = "<group>";
		};
		0CD5C67121ACCABF0095F0D4 = {
			isa = PBXGroup;
			children = (
				0CD5C67C21ACCABF0095F0D4 /* mmmy */,
				0CD5C67B21ACCABF0095F0D4 /* Products */,
				BF06DEB04B1032FEB916C15A /* Pods */,
				CEDFCC39EEC16E801C9F122E /* Frameworks */,
			);
			sourceTree = "<group>";
		};
		0CD5C67B21ACCABF0095F0D4 /* Products */ = {
			isa = PBXGroup;
			children = (
				0CD5C67A21ACCABF0095F0D4 /* mmmy.app */,
			);
			name = Products;
			sourceTree = "<group>";
		};
		0CD5C67C21ACCABF0095F0D4 /* mmmy */ = {
			isa = PBXGroup;
			children = (
				0CD5C6B121ACD92F0095F0D4 /* utils */,
				0CD5C6A621ACD0540095F0D4 /* classes */,
				0CD5C69321ACCB460095F0D4 /* common */,
				0CD5C69421ACCB460095F0D4 /* start */,
			);
			path = mmmy;
			sourceTree = "<group>";
		};
		0CD5C69321ACCB460095F0D4 /* common */ = {
			isa = PBXGroup;
			children = (
				0CD5C6A521ACCBC40095F0D4 /* mmmy-Bridging-Header.h */,
				0CD5C69A21ACCBA30095F0D4 /* Assets.xcassets */,
				0CD5C69C21ACCBA30095F0D4 /* Base.lproj */,
				0CD5C69B21ACCBA30095F0D4 /* mmmy-Info.plist */,
			);
			path = common;
			sourceTree = "<group>";
		};
		0CD5C69421ACCB460095F0D4 /* start */ = {
			isa = PBXGroup;
			children = (
				0CD5C69621ACCB930095F0D4 /* MMMYAppDelegate.swift */,
				0CD5C69721ACCB940095F0D4 /* ViewController.swift */,
			);
			path = start;
			sourceTree = "<group>";
		};
		0CD5C69C21ACCBA30095F0D4 /* Base.lproj */ = {
			isa = PBXGroup;
			children = (
				0CD5C69D21ACCBA30095F0D4 /* LaunchScreen.storyboard */,
				0CD5C69F21ACCBA30095F0D4 /* FirstStartMain.storyboard */,
				0CD5C6AE21ACD51B0095F0D4 /* Ground.storyboard */,
			);
			path = Base.lproj;
			sourceTree = "<group>";
		};
		0CD5C6A621ACD0540095F0D4 /* classes */ = {
			isa = PBXGroup;
			children = (
				0C1B885521AD1BA400325CCA /* base */,
				0CD5C6B421ACDA350095F0D4 /* tabbar */,
				0CD5C6AB21ACD0A60095F0D4 /* publish */,
				0CD5C6AA21ACD09D0095F0D4 /* mine */,
				0CD5C6A921ACD0910095F0D4 /* ground */,
				0CD5C6A721ACD0760095F0D4 /* register */,
			);
			path = classes;
			sourceTree = "<group>";
		};
		0CD5C6A721ACD0760095F0D4 /* register */ = {
			isa = PBXGroup;
			children = (
				0CD5C6AC21ACD4810095F0D4 /* LaunchRegisterViewController.swift */,
			);
			path = register;
			sourceTree = "<group>";
		};
		0CD5C6A921ACD0910095F0D4 /* ground */ = {
			isa = PBXGroup;
			children = (
			);
			path = ground;
			sourceTree = "<group>";
		};
		0CD5C6AA21ACD09D0095F0D4 /* mine */ = {
			isa = PBXGroup;
			children = (
			);
			path = mine;
			sourceTree = "<group>";
		};
		0CD5C6AB21ACD0A60095F0D4 /* publish */ = {
			isa = PBXGroup;
			children = (
			);
			path = publish;
			sourceTree = "<group>";
		};
		0CD5C6B121ACD92F0095F0D4 /* utils */ = {
			isa = PBXGroup;
			children = (
				0CD5C6B721ACDBC70095F0D4 /* LoadStoryBoardUntils.swift */,
				0C75E37521ACE58F001DA908 /* strings.swift */,
			);
			path = utils;
			sourceTree = "<group>";
		};
		0CD5C6B421ACDA350095F0D4 /* tabbar */ = {
			isa = PBXGroup;
			children = (
				0CD5C6B521ACDAD90095F0D4 /* MMMYTabbarViewController.swift */,
			);
			path = tabbar;
			sourceTree = "<group>";
		};
		BF06DEB04B1032FEB916C15A /* Pods */ = {
			isa = PBXGroup;
			children = (
				3BB93C1D922DAA1BF236F159 /* Pods-mmmy.debug.xcconfig */,
				AC6C9F3E47A00293EB8D8346 /* Pods-mmmy.release.xcconfig */,
			);
			path = Pods;
			sourceTree = "<group>";
		};
		CEDFCC39EEC16E801C9F122E /* Frameworks */ = {
			isa = PBXGroup;
			children = (
				FAABA1DB7CACB3987671D6F4 /* Pods_mmmy.framework */,
			);
			name = Frameworks;
			sourceTree = "<group>";
		};
/* End PBXGroup section */

/* Begin PBXNativeTarget section */
		0CD5C67921ACCABF0095F0D4 /* mmmy */ = {
			isa = PBXNativeTarget;
			buildConfigurationList = 0CD5C68C21ACCAC00095F0D4 /* Build configuration list for PBXNativeTarget "mmmy" */;
			buildPhases = (
				00F82FDF207D98B07F01091A /* [CP] Check Pods Manifest.lock */,
				0CD5C67621ACCABF0095F0D4 /* Sources */,
				0CD5C67721ACCABF0095F0D4 /* Frameworks */,
				0CD5C67821ACCABF0095F0D4 /* Resources */,
			);
			buildRules = (
			);
			dependencies = (
			);
			name = mmmy;
			productName = mmmy;
			productReference = 0CD5C67A21ACCABF0095F0D4 /* mmmy.app */;
			productType = "com.apple.product-type.application";
		};
/* End PBXNativeTarget section */

/* Begin PBXProject section */
		0CD5C67221ACCABF0095F0D4 /* Project object */ = {
			isa = PBXProject;
			attributes = {
				LastSwiftUpdateCheck = 1010;
				LastUpgradeCheck = 1010;
				ORGANIZATIONNAME = Hoa;
				TargetAttributes = {
					0CD5C67921ACCABF0095F0D4 = {
						CreatedOnToolsVersion = 10.1;
						LastSwiftMigration = 1010;
					};
				};
			};
			buildConfigurationList = 0CD5C67521ACCABF0095F0D4 /* Build configuration list for PBXProject "mmmy" */;
			compatibilityVersion = "Xcode 9.3";
			developmentRegion = en;
			hasScannedForEncodings = 0;
			knownRegions = (
				en,
				Base,
			);
			mainGroup = 0CD5C67121ACCABF0095F0D4;
			productRefGroup = 0CD5C67B21ACCABF0095F0D4 /* Products */;
			projectDirPath = "";
			projectRoot = "";
			targets = (
				0CD5C67921ACCABF0095F0D4 /* mmmy */,
			);
		};
/* End PBXProject section */

/* Begin PBXResourcesBuildPhase section */
		0CD5C67821ACCABF0095F0D4 /* Resources */ = {
			isa = PBXResourcesBuildPhase;
			buildActionMask = 2147483647;
			files = (
				0CD5C6A321ACCBA30095F0D4 /* LaunchScreen.storyboard in Resources */,
				0CD5C6B021ACD51B0095F0D4 /* Ground.storyboard in Resources */,
				0CD5C6A121ACCBA30095F0D4 /* Assets.xcassets in Resources */,
				0CD5C6A421ACCBA30095F0D4 /* FirstStartMain.storyboard in Resources */,
			);
			runOnlyForDeploymentPostprocessing = 0;
		};
/* End PBXResourcesBuildPhase section */

/* Begin PBXShellScriptBuildPhase section */
		00F82FDF207D98B07F01091A /* [CP] Check Pods Manifest.lock */ = {
			isa = PBXShellScriptBuildPhase;
			buildActionMask = 2147483647;
			files = (
			);
			inputFileListPaths = (
			);
			inputPaths = (
				"${PODS_PODFILE_DIR_PATH}/Podfile.lock",
				"${PODS_ROOT}/Manifest.lock",
			);
			name = "[CP] Check Pods Manifest.lock";
			outputFileListPaths = (
			);
			outputPaths = (
				"$(DERIVED_FILE_DIR)/Pods-mmmy-checkManifestLockResult.txt",
			);
			runOnlyForDeploymentPostprocessing = 0;
			shellPath = /bin/sh;
			shellScript = "diff \"${PODS_PODFILE_DIR_PATH}/Podfile.lock\" \"${PODS_ROOT}/Manifest.lock\" > /dev/null\nif [ $? != 0 ] ; then\n    # print error to STDERR\n    echo \"error: The sandbox is not in sync with the Podfile.lock. Run 'pod install' or update your CocoaPods installation.\" >&2\n    exit 1\nfi\n# This output is used by Xcode 'outputs' to avoid re-running this script phase.\necho \"SUCCESS\" > \"${SCRIPT_OUTPUT_FILE_0}\"\n";
			showEnvVarsInLog = 0;
		};
/* End PBXShellScriptBuildPhase section */

/* Begin PBXSourcesBuildPhase section */
		0CD5C67621ACCABF0095F0D4 /* Sources */ = {
			isa = PBXSourcesBuildPhase;
			buildActionMask = 2147483647;
			files = (
				0CD5C6B821ACDBC70095F0D4 /* LoadStoryBoardUntils.swift in Sources */,
				0CD5C6B621ACDAD90095F0D4 /* MMMYTabbarViewController.swift in Sources */,
				0C75E37621ACE58F001DA908 /* strings.swift in Sources */,
				0CD5C69921ACCB940095F0D4 /* ViewController.swift in Sources */,
				0CD5C6AD21ACD4810095F0D4 /* LaunchRegisterViewController.swift in Sources */,
				0C1B885721AD1BB900325CCA /* BaseViewController.swift in Sources */,
				0CD5C69821ACCB940095F0D4 /* MMMYAppDelegate.swift in Sources */,
			);
			runOnlyForDeploymentPostprocessing = 0;
		};
/* End PBXSourcesBuildPhase section */

/* Begin PBXVariantGroup section */
		0CD5C69D21ACCBA30095F0D4 /* LaunchScreen.storyboard */ = {
			isa = PBXVariantGroup;
			children = (
				0CD5C69E21ACCBA30095F0D4 /* Base */,
			);
			name = LaunchScreen.storyboard;
			sourceTree = "<group>";
		};
		0CD5C69F21ACCBA30095F0D4 /* FirstStartMain.storyboard */ = {
			isa = PBXVariantGroup;
			children = (
				0CD5C6A021ACCBA30095F0D4 /* Base */,
			);
			name = FirstStartMain.storyboard;
			sourceTree = "<group>";
		};
		0CD5C6AE21ACD51B0095F0D4 /* Ground.storyboard */ = {
			isa = PBXVariantGroup;
			children = (
				0CD5C6AF21ACD51B0095F0D4 /* Base */,
			);
			name = Ground.storyboard;
			sourceTree = "<group>";
		};
/* End PBXVariantGroup section */

/* Begin XCBuildConfiguration section */
		0CD5C68A21ACCAC00095F0D4 /* Debug */ = {
			isa = XCBuildConfiguration;
			buildSettings = {
				ALWAYS_SEARCH_USER_PATHS = NO;
				CLANG_ANALYZER_NONNULL = YES;
				CLANG_ANALYZER_NUMBER_OBJECT_CONVERSION = YES_AGGRESSIVE;
				CLANG_CXX_LANGUAGE_STANDARD = "gnu++14";
				CLANG_CXX_LIBRARY = "libc++";
				CLANG_ENABLE_MODULES = YES;
				CLANG_ENABLE_OBJC_ARC = YES;
				CLANG_ENABLE_OBJC_WEAK = YES;
				CLANG_WARN_BLOCK_CAPTURE_AUTORELEASING = YES;
				CLANG_WARN_BOOL_CONVERSION = YES;
				CLANG_WARN_COMMA = YES;
				CLANG_WARN_CONSTANT_CONVERSION = YES;
				CLANG_WARN_DEPRECATED_OBJC_IMPLEMENTATIONS = YES;
				CLANG_WARN_DIRECT_OBJC_ISA_USAGE = YES_ERROR;
				CLANG_WARN_DOCUMENTATION_COMMENTS = YES;
				CLANG_WARN_EMPTY_BODY = YES;
				CLANG_WARN_ENUM_CONVERSION = YES;
				CLANG_WARN_INFINITE_RECURSION = YES;
				CLANG_WARN_INT_CONVERSION = YES;
				CLANG_WARN_NON_LITERAL_NULL_CONVERSION = YES;
				CLANG_WARN_OBJC_IMPLICIT_RETAIN_SELF = YES;
				CLANG_WARN_OBJC_LITERAL_CONVERSION = YES;
				CLANG_WARN_OBJC_ROOT_CLASS = YES_ERROR;
				CLANG_WARN_RANGE_LOOP_ANALYSIS = YES;
				CLANG_WARN_STRICT_PROTOTYPES = YES;
				CLANG_WARN_SUSPICIOUS_MOVE = YES;
				CLANG_WARN_UNGUARDED_AVAILABILITY = YES_AGGRESSIVE;
				CLANG_WARN_UNREACHABLE_CODE = YES;
				CLANG_WARN__DUPLICATE_METHOD_MATCH = YES;
				CODE_SIGN_IDENTITY = "iPhone Developer";
				COPY_PHASE_STRIP = NO;
				DEBUG_INFORMATION_FORMAT = dwarf;
				ENABLE_STRICT_OBJC_MSGSEND = YES;
				ENABLE_TESTABILITY = YES;
				GCC_C_LANGUAGE_STANDARD = gnu11;
				GCC_DYNAMIC_NO_PIC = NO;
				GCC_NO_COMMON_BLOCKS = YES;
				GCC_OPTIMIZATION_LEVEL = 0;
				GCC_PREPROCESSOR_DEFINITIONS = (
					"DEBUG=1",
					"$(inherited)",
				);
				GCC_WARN_64_TO_32_BIT_CONVERSION = YES;
				GCC_WARN_ABOUT_RETURN_TYPE = YES_ERROR;
				GCC_WARN_UNDECLARED_SELECTOR = YES;
				GCC_WARN_UNINITIALIZED_AUTOS = YES_AGGRESSIVE;
				GCC_WARN_UNUSED_FUNCTION = YES;
				GCC_WARN_UNUSED_VARIABLE = YES;
				IPHONEOS_DEPLOYMENT_TARGET = 12.1;
				MTL_ENABLE_DEBUG_INFO = INCLUDE_SOURCE;
				MTL_FAST_MATH = YES;
				ONLY_ACTIVE_ARCH = YES;
				SDKROOT = iphoneos;
				SWIFT_ACTIVE_COMPILATION_CONDITIONS = DEBUG;
				SWIFT_OPTIMIZATION_LEVEL = "-Onone";
			};
			name = Debug;
		};
		0CD5C68B21ACCAC00095F0D4 /* Release */ = {
			isa = XCBuildConfiguration;
			buildSettings = {
				ALWAYS_SEARCH_USER_PATHS = NO;
				CLANG_ANALYZER_NONNULL = YES;
				CLANG_ANALYZER_NUMBER_OBJECT_CONVERSION = YES_AGGRESSIVE;
				CLANG_CXX_LANGUAGE_STANDARD = "gnu++14";
				CLANG_CXX_LIBRARY = "libc++";
				CLANG_ENABLE_MODULES = YES;
				CLANG_ENABLE_OBJC_ARC = YES;
				CLANG_ENABLE_OBJC_WEAK = YES;
				CLANG_WARN_BLOCK_CAPTURE_AUTORELEASING = YES;
				CLANG_WARN_BOOL_CONVERSION = YES;
				CLANG_WARN_COMMA = YES;
				CLANG_WARN_CONSTANT_CONVERSION = YES;
				CLANG_WARN_DEPRECATED_OBJC_IMPLEMENTATIONS = YES;
				CLANG_WARN_DIRECT_OBJC_ISA_USAGE = YES_ERROR;
				CLANG_WARN_DOCUMENTATION_COMMENTS = YES;
				CLANG_WARN_EMPTY_BODY = YES;
				CLANG_WARN_ENUM_CONVERSION = YES;
				CLANG_WARN_INFINITE_RECURSION = YES;
				CLANG_WARN_INT_CONVERSION = YES;
				CLANG_WARN_NON_LITERAL_NULL_CONVERSION = YES;
				CLANG_WARN_OBJC_IMPLICIT_RETAIN_SELF = YES;
				CLANG_WARN_OBJC_LITERAL_CONVERSION = YES;
				CLANG_WARN_OBJC_ROOT_CLASS = YES_ERROR;
				CLANG_WARN_RANGE_LOOP_ANALYSIS = YES;
				CLANG_WARN_STRICT_PROTOTYPES = YES;
				CLANG_WARN_SUSPICIOUS_MOVE = YES;
				CLANG_WARN_UNGUARDED_AVAILABILITY = YES_AGGRESSIVE;
				CLANG_WARN_UNREACHABLE_CODE = YES;
				CLANG_WARN__DUPLICATE_METHOD_MATCH = YES;
				CODE_SIGN_IDENTITY = "iPhone Developer";
				COPY_PHASE_STRIP = NO;
				DEBUG_INFORMATION_FORMAT = "dwarf-with-dsym";
				ENABLE_NS_ASSERTIONS = NO;
				ENABLE_STRICT_OBJC_MSGSEND = YES;
				GCC_C_LANGUAGE_STANDARD = gnu11;
				GCC_NO_COMMON_BLOCKS = YES;
				GCC_WARN_64_TO_32_BIT_CONVERSION = YES;
				GCC_WARN_ABOUT_RETURN_TYPE = YES_ERROR;
				GCC_WARN_UNDECLARED_SELECTOR = YES;
				GCC_WARN_UNINITIALIZED_AUTOS = YES_AGGRESSIVE;
				GCC_WARN_UNUSED_FUNCTION = YES;
				GCC_WARN_UNUSED_VARIABLE = YES;
				IPHONEOS_DEPLOYMENT_TARGET = 12.1;
				MTL_ENABLE_DEBUG_INFO = NO;
				MTL_FAST_MATH = YES;
				SDKROOT = iphoneos;
				SWIFT_COMPILATION_MODE = wholemodule;
				SWIFT_OPTIMIZATION_LEVEL = "-O";
				VALIDATE_PRODUCT = YES;
			};
			name = Release;
		};
		0CD5C68D21ACCAC00095F0D4 /* Debug */ = {
			isa = XCBuildConfiguration;
			baseConfigurationReference = 3BB93C1D922DAA1BF236F159 /* Pods-mmmy.debug.xcconfig */;
			buildSettings = {
				ASSETCATALOG_COMPILER_APPICON_NAME = AppIcon;
				CLANG_ENABLE_MODULES = YES;
				CODE_SIGN_STYLE = Automatic;
				DEVELOPMENT_TEAM = FVSJ7Y58GD;
				INFOPLIST_FILE = "$(SRCROOT)/mmmy/common/mmmy-Info.plist";
				IPHONEOS_DEPLOYMENT_TARGET = 9.0;
				LD_RUNPATH_SEARCH_PATHS = (
					"$(inherited)",
					"@executable_path/Frameworks",
				);
				PRODUCT_BUNDLE_IDENTIFIER = com.hoa.mmmy;
				PRODUCT_NAME = "$(TARGET_NAME)";
				SWIFT_OBJC_BRIDGING_HEADER = "mmmy/common/mmmy-Bridging-Header.h";
				SWIFT_OPTIMIZATION_LEVEL = "-Onone";
				SWIFT_VERSION = 4.2;
				TARGETED_DEVICE_FAMILY = "1,2";
			};
			name = Debug;
		};
		0CD5C68E21ACCAC00095F0D4 /* Release */ = {
			isa = XCBuildConfiguration;
			baseConfigurationReference = AC6C9F3E47A00293EB8D8346 /* Pods-mmmy.release.xcconfig */;
			buildSettings = {
				ASSETCATALOG_COMPILER_APPICON_NAME = AppIcon;
				CLANG_ENABLE_MODULES = YES;
				CODE_SIGN_STYLE = Automatic;
				DEVELOPMENT_TEAM = FVSJ7Y58GD;
				INFOPLIST_FILE = "$(SRCROOT)/mmmy/common/mmmy-Info.plist";
				IPHONEOS_DEPLOYMENT_TARGET = 9.0;
				LD_RUNPATH_SEARCH_PATHS = (
					"$(inherited)",
					"@executable_path/Frameworks",
				);
				PRODUCT_BUNDLE_IDENTIFIER = com.hoa.mmmy;
				PRODUCT_NAME = "$(TARGET_NAME)";
				SWIFT_OBJC_BRIDGING_HEADER = "mmmy/common/mmmy-Bridging-Header.h";
				SWIFT_VERSION = 4.2;
				TARGETED_DEVICE_FAMILY = "1,2";
			};
			name = Release;
		};
/* End XCBuildConfiguration section */

/* Begin XCConfigurationList section */
		0CD5C67521ACCABF0095F0D4 /* Build configuration list for PBXProject "mmmy" */ = {
			isa = XCConfigurationList;
			buildConfigurations = (
				0CD5C68A21ACCAC00095F0D4 /* Debug */,
				0CD5C68B21ACCAC00095F0D4 /* Release */,
			);
			defaultConfigurationIsVisible = 0;
			defaultConfigurationName = Release;
		};
		0CD5C68C21ACCAC00095F0D4 /* Build configuration list for PBXNativeTarget "mmmy" */ = {
			isa = XCConfigurationList;
			buildConfigurations = (
				0CD5C68D21ACCAC00095F0D4 /* Debug */,
				0CD5C68E21ACCAC00095F0D4 /* Release */,
			);
			defaultConfigurationIsVisible = 0;
			defaultConfigurationName = Release;
		};
/* End XCConfigurationList section */
	};
	rootObject = 0CD5C67221ACCABF0095F0D4 /* Project object */;
}
